
Microsoft Visual Studio Solution File, Format Version 12.00
# Visual Studio 15
VisualStudioVersion = 15.0.26119.0
MinimumVisualStudioVersion = 10.0.40219.1
# Project("{9A19103F-16F7-4668-BE54-9A1E7A4F7556}") = "TWL_Algorithms_Samples", "TWL_Algorithms_Samples\TWL_Algorithms_Samples.csproj", "{304D8AED-7393-4DDE-9E56-8823A3A70D0F}"
# EndProject
# Project("{888888A0-9F3D-457C-B088-3A5042F75D52}") = "Phython-Algorithms_With_Examples", "Phython-Algorithms_With_Examples\Phython-Algorithms_With_Examples.pyproj", "{34337F8D-1668-4F93-A9FE-A78222200D2D}"
# EndProject
# Project("{8BC9CEB8-8B4A-11D0-8D11-00A0C91BC942}") = "cpp-Algorithms_With_Examples", "cpp-Algorithms_With_Examples\cpp-Algorithms_With_Examples.vcxproj", "{00A70C34-2741-490F-9FE2-4C84893EF205}"
# EndProject
Project("{FAE04EC0-301F-11D3-BF4B-00C04F79EFBC}") = "Csharp_Algorithms_With_Examples", "Csharp_Algorithms_With_Examples\Csharp_Algorithms_With_Examples.csproj", "{8DD5AEB7-984B-465C-B215-F60A1FB37778}"
EndProject
Global
	GlobalSection(SolutionConfigurationPlatforms) = preSolution
		Debug|Any CPU = Debug|Any CPU
		Debug|x64 = Debug|x64
		Debug|x86 = Debug|x86
		Release|Any CPU = Release|Any CPU
		Release|x64 = Release|x64
		Release|x86 = Release|x86
	EndGlobalSection
	GlobalSection(ProjectConfigurationPlatforms) = postSolution
		{304D8AED-7393-4DDE-9E56-8823A3A70D0F}.Debug|Any CPU.ActiveCfg = Debug|Any CPU
		{304D8AED-7393-4DDE-9E56-8823A3A70D0F}.Debug|Any CPU.Build.0 = Debug|Any CPU
		{304D8AED-7393-4DDE-9E56-8823A3A70D0F}.Debug|x64.ActiveCfg = Debug|x64
		{304D8AED-7393-4DDE-9E56-8823A3A70D0F}.Debug|x64.Build.0 = Debug|x64
		{304D8AED-7393-4DDE-9E56-8823A3A70D0F}.Debug|x86.ActiveCfg = Debug|x86
		{304D8AED-7393-4DDE-9E56-8823A3A70D0F}.Debug|x86.Build.0 = Debug|x86
		{304D8AED-7393-4DDE-9E56-8823A3A70D0F}.Release|Any CPU.ActiveCfg = Release|Any CPU
		{304D8AED-7393-4DDE-9E56-8823A3A70D0F}.Release|Any CPU.Build.0 = Release|Any CPU
		{304D8AED-7393-4DDE-9E56-8823A3A70D0F}.Release|x64.ActiveCfg = Release|x64
		{304D8AED-7393-4DDE-9E56-8823A3A70D0F}.Release|x64.Build.0 = Release|x64
		{304D8AED-7393-4DDE-9E56-8823A3A70D0F}.Release|x86.ActiveCfg = Release|x86
		{304D8AED-7393-4DDE-9E56-8823A3A70D0F}.Release|x86.Build.0 = Release|x86
		{34337F8D-1668-4F93-A9FE-A78222200D2D}.Debug|Any CPU.ActiveCfg = Debug|Any CPU
		{34337F8D-1668-4F93-A9FE-A78222200D2D}.Debug|x64.ActiveCfg = Debug|Any CPU
		{34337F8D-1668-4F93-A9FE-A78222200D2D}.Debug|x86.ActiveCfg = Debug|Any CPU
		{34337F8D-1668-4F93-A9FE-A78222200D2D}.Release|Any CPU.ActiveCfg = Release|Any CPU
		{34337F8D-1668-4F93-A9FE-A78222200D2D}.Release|x64.ActiveCfg = Release|Any CPU
		{34337F8D-1668-4F93-A9FE-A78222200D2D}.Release|x86.ActiveCfg = Release|Any CPU
		{00A70C34-2741-490F-9FE2-4C84893EF205}.Debug|Any CPU.ActiveCfg = Debug|Win32
		{00A70C34-2741-490F-9FE2-4C84893EF205}.Debug|x64.ActiveCfg = Debug|x64
		{00A70C34-2741-490F-9FE2-4C84893EF205}.Debug|x64.Build.0 = Debug|x64
		{00A70C34-2741-490F-9FE2-4C84893EF205}.Debug|x86.ActiveCfg = Debug|Win32
		{00A70C34-2741-490F-9FE2-4C84893EF205}.Debug|x86.Build.0 = Debug|Win32
		{00A70C34-2741-490F-9FE2-4C84893EF205}.Release|Any CPU.ActiveCfg = Release|Win32
		{00A70C34-2741-490F-9FE2-4C84893EF205}.Release|x64.ActiveCfg = Release|x64
		{00A70C34-2741-490F-9FE2-4C84893EF205}.Release|x64.Build.0 = Release|x64
		{00A70C34-2741-490F-9FE2-4C84893EF205}.Release|x86.ActiveCfg = Release|Win32
		{00A70C34-2741-490F-9FE2-4C84893EF205}.Release|x86.Build.0 = Release|Win32
		{8DD5AEB7-984B-465C-B215-F60A1FB37778}.Debug|Any CPU.ActiveCfg = Debug|Any CPU
		{8DD5AEB7-984B-465C-B215-F60A1FB37778}.Debug|Any CPU.Build.0 = Debug|Any CPU
		{8DD5AEB7-984B-465C-B215-F60A1FB37778}.Debug|x64.ActiveCfg = Debug|Any CPU
		{8DD5AEB7-984B-465C-B215-F60A1FB37778}.Debug|x64.Build.0 = Debug|Any CPU
		{8DD5AEB7-984B-465C-B215-F60A1FB37778}.Debug|x86.ActiveCfg = Debug|Any CPU
		{8DD5AEB7-984B-465C-B215-F60A1FB37778}.Debug|x86.Build.0 = Debug|Any CPU
		{8DD5AEB7-984B-465C-B215-F60A1FB37778}.Release|Any CPU.ActiveCfg = Release|Any CPU
		{8DD5AEB7-984B-465C-B215-F60A1FB37778}.Release|Any CPU.Build.0 = Release|Any CPU
		{8DD5AEB7-984B-465C-B215-F60A1FB37778}.Release|x64.ActiveCfg = Release|Any CPU
		{8DD5AEB7-984B-465C-B215-F60A1FB37778}.Release|x64.Build.0 = Release|Any CPU
		{8DD5AEB7-984B-465C-B215-F60A1FB37778}.Release|x86.ActiveCfg = Release|Any CPU
		{8DD5AEB7-984B-465C-B215-F60A1FB37778}.Release|x86.Build.0 = Release|Any CPU
	EndGlobalSection
	GlobalSection(SolutionProperties) = preSolution
		HideSolutionNode = FALSE
	EndGlobalSection
EndGlobal
